{
  "name": "Ao3-Previewer",
  "lockfileVersion": 3,
  "requires": true,
  "packages": {
    "": {
      "dependencies": {
        "@sentry/react": "^10.50.0"
      },
      "devDependencies": {
        "@types/aws-lambda": "^8.10.161",
        "@types/node": "^25.6.0",
        "typescript": "^6.0.3"
      }
    },
    "node_modules/@sentry-internal/browser-utils": {
      "version": "10.50.0",
      "resolved": "https://registry.npmjs.org/@sentry-internal/browser-utils/-/browser-utils-10.50.0.tgz",
      "integrity": "sha512-42bxyRTxnCmYlWnvz4CxikuQNanw8UNma2WJrtxJ0f1MAJV2GhQGSHDLnA+lvFlmiz6qct3pfen/NXGyOTegTA==",
      "license": "MIT",
      "dependencies": {
        "@sentry/core": "10.50.0"
      },
      "engines": {
        "node": ">=18"
      }
    },
    "node_modules/@sentry-internal/feedback": {
      "version": "10.50.0",
      "resolved": "https://registry.npmjs.org/@sentry-internal/feedback/-/feedback-10.50.0.tgz",
      "integrity": "sha512-0k9XZF0wn86f77mIO2U3gNNyDZooy139CnEanRzHinrN106vVzvBZ6TUEQoHtoO1fqQxr+nWWVrqV/PXUqk47w==",
      "license": "MIT",
      "dependencies": {
        "@sentry/core": "10.50.0"
      },
      "engines": {
        "node": ">=18"
      }
    },
    "node_modules/@sentry-internal/replay": {
      "version": "10.50.0",
      "resolved": "https://registry.npmjs.org/@sentry-internal/replay/-/replay-10.50.0.tgz",
      "integrity": "sha512-51FYNfnvVLAWw1rrEWPFfwHuMRb9mkVCFGA4J9/un7SpeGBsQDziGB0Di4fsCxI7+EdSBpfLHPF0csKtCCw0oQ==",
      "license": "MIT",
      "dependencies": {
        "@sentry-internal/browser-utils": "10.50.0",
        "@sentry/core": "10.50.0"
      },
      "engines": {
        "node": ">=18"
      }
    },
    "node_modules/@sentry-internal/replay-canvas": {
      "version": "10.50.0",
      "resolved": "https://registry.npmjs.org/@sentry-internal/replay-canvas/-/replay-canvas-10.50.0.tgz",
      "integrity": "sha512-jx6RKBmcJSWdI92qDGS/sBv1w+7Cww879Z/moX7bw7ipHa/Ts3iDcB3rgZwvhmi17U+mvYsbJeL2DXkPo3TjPw==",
      "license": "MIT",
      "dependencies": {
        "@sentry-internal/replay": "10.50.0",
        "@sentry/core": "10.50.0"
      },
      "engines": {
        "node": ">=18"
      }
    },
    "node_modules/@sentry/browser": {
      "version": "10.50.0",
      "resolved": "https://registry.npmjs.org/@sentry/browser/-/browser-10.50.0.tgz",
      "integrity": "sha512-1f6rAvET6myiTaSeYqvaaBwvq1LfxqWjAPIoAW/NVC9bPMkeEcuvgDajHrnZMrBeWoJ81NMyoLkyX+iOc7MoFA==",
      "license": "MIT",
      "dependencies": {
        "@sentry-internal/browser-utils": "10.50.0",
        "@sentry-internal/feedback": "10.50.0",
        "@sentry-internal/replay": "10.50.0",
        "@sentry-internal/replay-canvas": "10.50.0",
        "@sentry/core": "10.50.0"
      },
      "engines": {
        "node": ">=18"
      }
    },
    "node_modules/@sentry/core": {
      "version": "10.50.0",
      "resolved": "https://registry.npmjs.org/@sentry/core/-/core-10.50.0.tgz",
      "integrity": "sha512-J4A+vzUO3adl0TkFCjaN1+4miamrjHiEIYuLHiuu1lmAjq5WIVw32ObvAh4yMwNtxyaEMosTrrh5M6f12XSJFg==",
      "license": "MIT",
      "engines": {
        "node": ">=18"
      }
    },
    "node_modules/@sentry/react": {
      "version": "10.50.0",
      "resolved": "https://registry.npmjs.org/@sentry/react/-/react-10.50.0.tgz",
      "integrity": "sha512-MZHYjEZAtFIa4zPrWS4oXlo+gMppRvfETqUqF920Sj2jN2U7WjboU03lDmjfDqEcH7QiwjQyl13jHd2nwAyrrw==",
      "license": "MIT",
      "dependencies": {
        "@sentry/browser": "10.50.0",
        "@sentry/core": "10.50.0"
      },
      "engines": {
        "node": ">=18"
      },
      "peerDependencies": {
        "react": "^16.14.0 || 17.x || 18.x || 19.x"
      }
    },
    "node_modules/@types/aws-lambda": {
      "version": "8.10.161",
      "resolved": "https://registry.npmjs.org/@types/aws-lambda/-/aws-lambda-8.10.161.tgz",
      "integrity": "sha512-rUYdp+MQwSFocxIOcSsYSF3YYYC/uUpMbCY/mbO21vGqfrEYvNSoPyKYDj6RhXXpPfS0KstW9RwG3qXh9sL7FQ==",
      "dev": true,
      "license": "MIT"
    },
    "node_modules/@types/node": {
      "version": "25.6.0",
      "resolved": "https://registry.npmjs.org/@types/node/-/node-25.6.0.tgz",
      "integrity": "sha512-+qIYRKdNYJwY3vRCZMdJbPLJAtGjQBudzZzdzwQYkEPQd+PJGixUL5QfvCLDaULoLv+RhT3LDkwEfKaAkgSmNQ==",
      "dev": true,
      "license": "MIT",
      "dependencies": {
        "undici-types": "~7.19.0"
      }
    },
    "node_modules/react": {
      "version": "19.2.5",
      "resolved": "https://registry.npmjs.org/react/-/react-19.2.5.tgz",
      "integrity": "sha512-llUJLzz1zTUBrskt2pwZgLq59AemifIftw4aB7JxOqf1HY2FDaGDxgwpAPVzHU1kdWabH7FauP4i1oEeer2WCA==",
      "license": "MIT",
      "peer": true,
      "engines": {
        "node": ">=0.10.0"
      }
    },
    "node_modules/typescript": {
      "version": "6.0.3",
      "resolved": "https://registry.npmjs.org/typescript/-/typescript-6.0.3.tgz",
      "integrity": "sha512-y2TvuxSZPDyQakkFRPZHKFm+KKVqIisdg9/CZwm9ftvKXLP8NRWj38/ODjNbr43SsoXqNuAisEf1GdCxqWcdBw==",
      "dev": true,
      "license": "Apache-2.0",
      "bin": {
        "tsc": "bin/tsc",
        "tsserver": "bin/tsserver"
      },
      "engines": {
        "node": ">=14.17"
      }
    },
    "node_modules/undici-types": {
      "version": "7.19.2",
      "resolved": "https://registry.npmjs.org/undici-types/-/undici-types-7.19.2.tgz",
      "integrity": "sha512-qYVnV5OEm2AW8cJMCpdV20CDyaN3g0AjDlOGf1OW4iaDEx8MwdtChUp4zu4H0VP3nDRF/8RKWH+IPp9uW0YGZg==",
      "dev": true,
      "license": "MIT"
    }
  }
}
